
Microsoft Visual Studio Solution File, Format Version 12.00
# Visual Studio 2012
Project("{FAE04EC0-301F-11D3-BF4B-00C04F79EFBC}") = "spine-ts", "spine-ts.csproj", "{A993F30D-F0B8-435C-9560-B7D9901F6389}"
EndProject
Global
	GlobalSection(SolutionConfigurationPlatforms) = preSolution
		Debug|Any CPU = Debug|Any CPU
		Release|Any CPU = Release|Any CPU
	EndGlobalSection
	GlobalSection(ProjectConfigurationPlatforms) = postSolution
		{A993F30D-F0B8-435C-9560-B7D9901F6389}.Debug|Any CPU.ActiveCfg = Debug|Any CPU
		{A993F30D-F0B8-435C-9560-B7D9901F6389}.Debug|Any CPU.Build.0 = Debug|Any CPU
		{A993F30D-F0B8-435C-9560-B7D9901F6389}.Release|Any CPU.ActiveCfg = Release|Any CPU
		{A993F30D-F0B8-435C-9560-B7D9901F6389}.Release|Any CPU.Build.0 = Release|Any CPU
	EndGlobalSection
	GlobalSection(SolutionProperties) = preSolution
		HideSolutionNode = FALSE
	EndGlobalSection
EndGlobal
